
Microsoft Visual Studio Solution File, Format Version 12.00
Project("{FAE04EC0-301F-11D3-BF4B-00C04F79EFBC}") = "Rember", "Rember\Rember.csproj", "{77C020F6-253B-441E-9122-F509BE5CF274}"
EndProject
Global
	GlobalSection(SolutionConfigurationPlatforms) = preSolution
		Debug|Any CPU = Debug|Any CPU
		Release|Any CPU = Release|Any CPU
	EndGlobalSection
	GlobalSection(ProjectConfigurationPlatforms) = postSolution
		{77C020F6-253B-441E-9122-F509BE5CF274}.Debug|Any CPU.ActiveCfg = Debug|Any CPU
		{77C020F6-253B-441E-9122-F509BE5CF274}.Debug|Any CPU.Build.0 = Debug|Any CPU
		{77C020F6-253B-441E-9122-F509BE5CF274}.Release|Any CPU.ActiveCfg = Release|Any CPU
		{77C020F6-253B-441E-9122-F509BE5CF274}.Release|Any CPU.Build.0 = Release|Any CPU
	EndGlobalSection
EndGlobal
